# THIS IS AN AUTOGENERATED FILE. DO NOT EDIT THIS FILE DIRECTLY.
# yarn lockfile v1


babel-plugin-react-app@^0.0.0:
  version "0.0.0"
  resolved "https://registry.npmjs.org/babel-plugin-react-app/-/babel-plugin-react-app-0.0.0.tgz#270fd196cc0c43913a4cfc2678f3de311ed94ded"
  integrity sha1-Jw/RlswMQ5E6TPwmePPeMR7ZTe0=
